{
  "version": 4,
  "terraform_version": "1.6.0",
  "serial": 132,
  "lineage": "883c519d-7aef-d2ab-6f98-ed7b772c1b74",
  "outputs": {},
  "resources": [
    {
      "mode": "managed",
      "type": "azurerm_linux_virtual_machine",
      "name": "test02",
      "provider": "provider[\"registry.terraform.io/hashicorp/azurerm\"]",
      "instances": [
        {
          "schema_version": 0,
          "attributes": {
            "additional_capabilities": [],
            "admin_password": null,
            "admin_ssh_key": [
              {
                "public_key": "ssh-rsa AAAAB3NzaC1yc2EAAAADAQABAAABgQCowH+Vo8AlZBZhZ4VIlwcsfWbAzjlJbSi7t8+bdS6/eErgrMkyyVCKXbiFjiTTCSGZsmwXZ+9CxQlfUL2UZhZrXAjeHsqS2zWYJVjYB821pcJYSgOw8kvmaGr/vn22PxjczgibcudpvtVlJyqUqcS625uLQ3EBSwibVl87Xpo3sBgmISpW9MTzUiAG0ydwh9uUYPBqHDavDtsxb3dlBJji+PwIYUTT+OuiZggKAC5Jv+aleHpda9YMPOtgXviHk24jPEob+znhqtN4VaFm4mFup5NM7ieEfyZ7SCk0Owa0R2ZYvNkYIuASRZWt9H6n8i9ex6c9kMeIxb6iD345PAKkJmfkGVt/2U07eaK3tjQfzn5s8DQVcX0gzQsOh+Ea+Vx+ED0OGhWm1ahth36/g7FOYt5s2zY+A7WGgOM8mSY3HEc7mcg1sV4GC6tlOlVGC789BtEEHrYNbKPbylav+Z42jT4X52cGQEvnlrDrKbwBnbVlPHLBM+pl0+NIjKCGNKU= arivoomathi@arivoomathi\n",
                "username": "adminserver"
              }
            ],
            "admin_username": "adminserver",
            "allow_extension_operations": true,
            "availability_set_id": "",
            "boot_diagnostics": [],
            "computer_name": "Test-server01",
            "custom_data": null,
            "dedicated_host_group_id": "",
            "dedicated_host_id": "",
            "disable_password_authentication": true,
            "edge_zone": "",
            "encryption_at_host_enabled": false,
            "eviction_policy": "",
            "extensions_time_budget": "PT1H30M",
            "id": "/subscriptions/f10efc45-f81f-425f-9643-1f68e2bb530f/resourceGroups/test_server01/providers/Microsoft.Compute/virtualMachines/Test-server01",
            "identity": [],
            "license_type": "",
            "location": "southindia",
            "max_bid_price": -1,
            "name": "Test-server01",
            "network_interface_ids": [
              "/subscriptions/f10efc45-f81f-425f-9643-1f68e2bb530f/resourceGroups/test_server01/providers/Microsoft.Network/networkInterfaces/testvmnet"
            ],
            "os_disk": [
              {
                "caching": "ReadWrite",
                "diff_disk_settings": [],
                "disk_encryption_set_id": "",
                "disk_size_gb": 30,
                "name": "Test-server01_OsDisk_1_9195633bed244badb10a0b7b501babe8",
                "storage_account_type": "Standard_LRS",
                "write_accelerator_enabled": false
              }
            ],
            "patch_mode": "ImageDefault",
            "plan": [],
            "platform_fault_domain": -1,
            "priority": "Regular",
            "private_ip_address": "10.0.2.4",
            "private_ip_addresses": [
              "10.0.2.4"
            ],
            "provision_vm_agent": true,
            "proximity_placement_group_id": "",
            "public_ip_address": "20.235.47.38",
            "public_ip_addresses": [
              "20.235.47.38"
            ],
            "resource_group_name": "test_server01",
            "secret": [],
            "secure_boot_enabled": false,
            "size": "Standard_DS2_v2",
            "source_image_id": "",
            "source_image_reference": [
              {
                "offer": "0001-com-ubuntu-server-focal",
                "publisher": "Canonical",
                "sku": "20_04-lts",
                "version": "latest"
              }
            ],
            "tags": null,
            "termination_notification": null,
            "timeouts": null,
            "user_data": "",
            "virtual_machine_id": "77147d0e-ba62-4d28-bb8d-5837185a5dc5",
            "virtual_machine_scale_set_id": "",
            "vtpm_enabled": false,
            "zone": ""
          },
          "sensitive_attributes": [],
          "private": "eyJlMmJmYjczMC1lY2FhLTExZTYtOGY4OC0zNDM2M2JjN2M0YzAiOnsiY3JlYXRlIjoyNzAwMDAwMDAwMDAwLCJkZWxldGUiOjI3MDAwMDAwMDAwMDAsInJlYWQiOjMwMDAwMDAwMDAwMCwidXBkYXRlIjoyNzAwMDAwMDAwMDAwfX0=",
          "dependencies": [
            "azurerm_network_interface.test02",
            "azurerm_public_ip.test02",
            "azurerm_resource_group.test02",
            "azurerm_subnet.test02",
            "azurerm_virtual_network.test02"
          ]
        }
      ]
    },
    {
      "mode": "managed",
      "type": "azurerm_network_interface",
      "name": "test02",
      "provider": "provider[\"registry.terraform.io/hashicorp/azurerm\"]",
      "instances": [
        {
          "schema_version": 0,
          "attributes": {
            "applied_dns_servers": [],
            "dns_servers": [],
            "edge_zone": "",
            "enable_accelerated_networking": false,
            "enable_ip_forwarding": false,
            "id": "/subscriptions/f10efc45-f81f-425f-9643-1f68e2bb530f/resourceGroups/test_server01/providers/Microsoft.Network/networkInterfaces/testvmnet",
            "internal_dns_name_label": "",
            "internal_domain_name_suffix": "g32hlfmwzpeurlvbnmupm3vxke.tx.internal.cloudapp.net",
            "ip_configuration": [
              {
                "gateway_load_balancer_frontend_ip_configuration_id": "",
                "name": "test-ip",
                "primary": true,
                "private_ip_address": "10.0.2.4",
                "private_ip_address_allocation": "Dynamic",
                "private_ip_address_version": "IPv4",
                "public_ip_address_id": "/subscriptions/f10efc45-f81f-425f-9643-1f68e2bb530f/resourceGroups/test_server01/providers/Microsoft.Network/publicIPAddresses/test_server_ip",
                "subnet_id": "/subscriptions/f10efc45-f81f-425f-9643-1f68e2bb530f/resourceGroups/test_server01/providers/Microsoft.Network/virtualNetworks/testnet/subnets/testtsub"
              }
            ],
            "location": "southindia",
            "mac_address": "",
            "name": "testvmnet",
            "private_ip_address": "10.0.2.4",
            "private_ip_addresses": [
              "10.0.2.4"
            ],
            "resource_group_name": "test_server01",
            "tags": null,
            "timeouts": null,
            "virtual_machine_id": ""
          },
          "sensitive_attributes": [],
          "private": "eyJlMmJmYjczMC1lY2FhLTExZTYtOGY4OC0zNDM2M2JjN2M0YzAiOnsiY3JlYXRlIjoxODAwMDAwMDAwMDAwLCJkZWxldGUiOjE4MDAwMDAwMDAwMDAsInJlYWQiOjMwMDAwMDAwMDAwMCwidXBkYXRlIjoxODAwMDAwMDAwMDAwfX0=",
          "dependencies": [
            "azurerm_public_ip.test02",
            "azurerm_resource_group.test02",
            "azurerm_subnet.test02",
            "azurerm_virtual_network.test02"
          ]
        }
      ]
    },
    {
      "mode": "managed",
      "type": "azurerm_public_ip",
      "name": "test02",
      "provider": "provider[\"registry.terraform.io/hashicorp/azurerm\"]",
      "instances": [
        {
          "schema_version": 0,
          "attributes": {
            "allocation_method": "Static",
            "domain_name_label": null,
            "edge_zone": "",
            "fqdn": null,
            "id": "/subscriptions/f10efc45-f81f-425f-9643-1f68e2bb530f/resourceGroups/test_server01/providers/Microsoft.Network/publicIPAddresses/test_server_ip",
            "idle_timeout_in_minutes": 4,
            "ip_address": "20.235.47.38",
            "ip_tags": null,
            "ip_version": "IPv4",
            "location": "southindia",
            "name": "test_server_ip",
            "public_ip_prefix_id": null,
            "resource_group_name": "test_server01",
            "reverse_fqdn": null,
            "sku": "Basic",
            "sku_tier": "Regional",
            "tags": null,
            "timeouts": null,
            "zones": null
          },
          "sensitive_attributes": [],
          "private": "eyJlMmJmYjczMC1lY2FhLTExZTYtOGY4OC0zNDM2M2JjN2M0YzAiOnsiY3JlYXRlIjoxODAwMDAwMDAwMDAwLCJkZWxldGUiOjE4MDAwMDAwMDAwMDAsInJlYWQiOjMwMDAwMDAwMDAwMCwidXBkYXRlIjoxODAwMDAwMDAwMDAwfX0=",
          "dependencies": [
            "azurerm_resource_group.test02"
          ]
        }
      ]
    },
    {
      "mode": "managed",
      "type": "azurerm_resource_group",
      "name": "test02",
      "provider": "provider[\"registry.terraform.io/hashicorp/azurerm\"]",
      "instances": [
        {
          "schema_version": 0,
          "attributes": {
            "id": "/subscriptions/f10efc45-f81f-425f-9643-1f68e2bb530f/resourceGroups/test_server01",
            "location": "southindia",
            "name": "test_server01",
            "tags": null,
            "timeouts": null
          },
          "sensitive_attributes": [],
          "private": "eyJlMmJmYjczMC1lY2FhLTExZTYtOGY4OC0zNDM2M2JjN2M0YzAiOnsiY3JlYXRlIjo1NDAwMDAwMDAwMDAwLCJkZWxldGUiOjU0MDAwMDAwMDAwMDAsInJlYWQiOjMwMDAwMDAwMDAwMCwidXBkYXRlIjo1NDAwMDAwMDAwMDAwfX0="
        }
      ]
    },
    {
      "mode": "managed",
      "type": "azurerm_subnet",
      "name": "test02",
      "provider": "provider[\"registry.terraform.io/hashicorp/azurerm\"]",
      "instances": [
        {
          "schema_version": 0,
          "attributes": {
            "address_prefixes": [
              "10.0.2.0/24"
            ],
            "delegation": [],
            "enforce_private_link_endpoint_network_policies": false,
            "enforce_private_link_service_network_policies": false,
            "id": "/subscriptions/f10efc45-f81f-425f-9643-1f68e2bb530f/resourceGroups/test_server01/providers/Microsoft.Network/virtualNetworks/testnet/subnets/testtsub",
            "name": "testtsub",
            "resource_group_name": "test_server01",
            "service_endpoint_policy_ids": null,
            "service_endpoints": null,
            "timeouts": null,
            "virtual_network_name": "testnet"
          },
          "sensitive_attributes": [],
          "private": "eyJlMmJmYjczMC1lY2FhLTExZTYtOGY4OC0zNDM2M2JjN2M0YzAiOnsiY3JlYXRlIjoxODAwMDAwMDAwMDAwLCJkZWxldGUiOjE4MDAwMDAwMDAwMDAsInJlYWQiOjMwMDAwMDAwMDAwMCwidXBkYXRlIjoxODAwMDAwMDAwMDAwfX0=",
          "dependencies": [
            "azurerm_resource_group.test02",
            "azurerm_virtual_network.test02"
          ]
        }
      ]
    },
    {
      "mode": "managed",
      "type": "azurerm_virtual_network",
      "name": "test02",
      "provider": "provider[\"registry.terraform.io/hashicorp/azurerm\"]",
      "instances": [
        {
          "schema_version": 0,
          "attributes": {
            "address_space": [
              "10.0.0.0/16"
            ],
            "bgp_community": "",
            "ddos_protection_plan": [],
            "dns_servers": [],
            "edge_zone": "",
            "flow_timeout_in_minutes": 0,
            "guid": "95757837-cb96-48c9-aea1-6b28f676b754",
            "id": "/subscriptions/f10efc45-f81f-425f-9643-1f68e2bb530f/resourceGroups/test_server01/providers/Microsoft.Network/virtualNetworks/testnet",
            "location": "southindia",
            "name": "testnet",
            "resource_group_name": "test_server01",
            "subnet": [],
            "tags": null,
            "timeouts": null
          },
          "sensitive_attributes": [],
          "private": "eyJlMmJmYjczMC1lY2FhLTExZTYtOGY4OC0zNDM2M2JjN2M0YzAiOnsiY3JlYXRlIjoxODAwMDAwMDAwMDAwLCJkZWxldGUiOjE4MDAwMDAwMDAwMDAsInJlYWQiOjMwMDAwMDAwMDAwMCwidXBkYXRlIjoxODAwMDAwMDAwMDAwfX0=",
          "dependencies": [
            "azurerm_resource_group.test02"
          ]
        }
      ]
    }
  ],
  "check_results": null
}
